[[package]]
category = "main"
description = "Composable command line interface toolkit"
name = "click"
optional = false
python-versions = ">=2.7, !=3.0.*, !=3.1.*, !=3.2.*, !=3.3.*"
version = "7.0"

[[package]]
category = "dev"
description = "Code coverage measurement for Python"
name = "coverage"
optional = false
python-versions = "*"
version = "4.4.2"

[[package]]
category = "main"
description = "A simple framework for building complex web applications."
name = "flask"
optional = false
python-versions = ">=2.7, !=3.0.*, !=3.1.*, !=3.2.*, !=3.3.*"
version = "1.0.4"

[package.dependencies]
Jinja2 = ">=2.10"
Werkzeug = ">=0.14"
click = ">=5.1"
itsdangerous = ">=0.24"

[package.extras]
dev = ["pytest", "coverage", "tox", "sphinx", "pallets-sphinx-themes", "sphinxcontrib-log-cabinet", "sphinx-issues"]
docs = ["sphinx", "pallets-sphinx-themes", "sphinxcontrib-log-cabinet", "sphinx-issues"]
dotenv = ["python-dotenv"]

[[package]]
category = "dev"
description = "Python function signatures from PEP362 for Python 2.6, 2.7 and 3.2+"
marker = "python_version < \"3.3\""
name = "funcsigs"
optional = false
python-versions = "*"
version = "1.0.2"

[[package]]
category = "main"
description = "Various helpers to pass data to untrusted environments and back."
name = "itsdangerous"
optional = false
python-versions = ">=2.7, !=3.0.*, !=3.1.*, !=3.2.*, !=3.3.*"
version = "1.1.0"

[[package]]
category = "main"
description = "A very fast and expressive template engine."
name = "jinja2"
optional = false
python-versions = "*"
version = "2.10.3"

[package.dependencies]
MarkupSafe = ">=0.23"

[package.extras]
i18n = ["Babel (>=0.8)"]

[[package]]
category = "main"
description = "Safely add untrusted strings to HTML/XML markup."
name = "markupsafe"
optional = false
python-versions = ">=2.7,!=3.0.*,!=3.1.*,!=3.2.*,!=3.3.*"
version = "1.1.1"

[[package]]
category = "main"
description = "Flexible role-based authorization solution that is a pleasure to use"
name = "miracle-acl"
optional = false
python-versions = "*"
version = "0.0.4-1"

[[package]]
category = "dev"
description = "Rolling backport of unittest.mock for all Pythons"
marker = "python_version < \"3.6\""
name = "mock"
optional = false
python-versions = "*"
version = "2.0.0"

[package.dependencies]
pbr = ">=0.11"
six = ">=1.9"

[package.dependencies.funcsigs]
python = "<3.3"
version = ">=1"

[package.extras]
docs = ["sphinx", "Pygments (<2)", "jinja2 (<2.7)", "sphinx (<1.3)"]
test = ["unittest2 (>=1.1.0)"]

[[package]]
category = "dev"
description = "unittest2 with plugins, the succesor to nose"
name = "nose2"
optional = false
python-versions = "*"
version = "0.9.2"

[package.dependencies]
coverage = ">=4.4.1"
six = ">=1.7"

[package.dependencies.mock]
python = "<3.6"
version = "2.0.0"

[package.extras]
coverage_plugin = ["coverage (>=4.4.1)"]
doc = ["Sphinx (>=1.6.5)", "sphinx-rtd-theme", "mock"]

[[package]]
category = "dev"
description = "Python Build Reasonableness"
marker = "python_version < \"3.6\""
name = "pbr"
optional = false
python-versions = "*"
version = "5.4.5"

[[package]]
category = "dev"
description = "Python 2 and 3 compatibility utilities"
name = "six"
optional = false
python-versions = ">=2.7, !=3.0.*, !=3.1.*, !=3.2.*"
version = "1.14.0"

[[package]]
category = "main"
description = "The comprehensive WSGI web application library."
name = "werkzeug"
optional = false
python-versions = ">=2.7, !=3.0.*, !=3.1.*, !=3.2.*, !=3.3.*"
version = "0.16.1"

[package.extras]
dev = ["pytest", "coverage", "tox", "sphinx", "pallets-sphinx-themes", "sphinx-issues"]
termcolor = ["termcolor"]
watchdog = ["watchdog"]

[metadata]
content-hash = "3c2410e4617dc9b130849aac5d69be3cb6982a7bee949ee98ac1d05a7119c070"
python-versions = "*"

[metadata.files]
click = [
    {file = "Click-7.0-py2.py3-none-any.whl", hash = "sha256:2335065e6395b9e67ca716de5f7526736bfa6ceead690adf616d925bdc622b13"},
    {file = "Click-7.0.tar.gz", hash = "sha256:5b94b49521f6456670fdb30cd82a4eca9412788a93fa6dd6df72c94d5a8ff2d7"},
]
coverage = [
    {file = "coverage-4.4.2-cp26-cp26m-macosx_10_10_x86_64.whl", hash = "sha256:d1ee76f560c3c3e8faada866a07a32485445e16ed2206ac8378bd90dadffb9f0"},
    {file = "coverage-4.4.2-cp26-cp26m-manylinux1_i686.whl", hash = "sha256:007eeef7e23f9473622f7d94a3e029a45d55a92a1f083f0f3512f5ab9a669b05"},
    {file = "coverage-4.4.2-cp26-cp26m-manylinux1_x86_64.whl", hash = "sha256:17307429935f96c986a1b1674f78079528833410750321d22b5fb35d1883828e"},
    {file = "coverage-4.4.2-cp26-cp26mu-manylinux1_i686.whl", hash = "sha256:845fddf89dca1e94abe168760a38271abfc2e31863fbb4ada7f9a99337d7c3dc"},
    {file = "coverage-4.4.2-cp26-cp26mu-manylinux1_x86_64.whl", hash = "sha256:3f4d0b3403d3e110d2588c275540649b1841725f5a11a7162620224155d00ba2"},
    {file = "coverage-4.4.2-cp27-cp27m-macosx_10_12_intel.whl", hash = "sha256:4c4f368ffe1c2e7602359c2c50233269f3abe1c48ca6b288dcd0fb1d1c679733"},
    {file = "coverage-4.4.2-cp27-cp27m-macosx_10_12_x86_64.whl", hash = "sha256:f8c55dd0f56d3d618dfacf129e010cbe5d5f94b6951c1b2f13ab1a2f79c284da"},
    {file = "coverage-4.4.2-cp27-cp27m-manylinux1_i686.whl", hash = "sha256:cdd92dd9471e624cd1d8c1a2703d25f114b59b736b0f1f659a98414e535ffb3d"},
    {file = "coverage-4.4.2-cp27-cp27m-manylinux1_x86_64.whl", hash = "sha256:2ad357d12971e77360034c1596011a03f50c0f9e1ecd12e081342b8d1aee2236"},
    {file = "coverage-4.4.2-cp27-cp27m-win32.whl", hash = "sha256:700d7579995044dc724847560b78ac786f0ca292867447afda7727a6fbaa082e"},
    {file = "coverage-4.4.2-cp27-cp27m-win_amd64.whl", hash = "sha256:66f393e10dd866be267deb3feca39babba08ae13763e0fc7a1063cbe1f8e49f6"},
    {file = "coverage-4.4.2-cp27-cp27mu-manylinux1_i686.whl", hash = "sha256:e9a0e1caed2a52f15c96507ab78a48f346c05681a49c5b003172f8073da6aa6b"},
    {file = "coverage-4.4.2-cp27-cp27mu-manylinux1_x86_64.whl", hash = "sha256:eea9135432428d3ca7ee9be86af27cb8e56243f73764a9b6c3e0bda1394916be"},
    {file = "coverage-4.4.2-cp33-cp33m-macosx_10_10_x86_64.whl", hash = "sha256:5ff16548492e8a12e65ff3d55857ccd818584ed587a6c2898a9ebbe09a880674"},
    {file = "coverage-4.4.2-cp33-cp33m-manylinux1_i686.whl", hash = "sha256:d00e29b78ff610d300b2c37049a41234d48ea4f2d2581759ebcf67caaf731c31"},
    {file = "coverage-4.4.2-cp33-cp33m-manylinux1_x86_64.whl", hash = "sha256:87d942863fe74b1c3be83a045996addf1639218c2cb89c5da18c06c0fe3917ea"},
    {file = "coverage-4.4.2-cp34-cp34m-macosx_10_10_x86_64.whl", hash = "sha256:358d635b1fc22a425444d52f26287ae5aea9e96e254ff3c59c407426f44574f4"},
    {file = "coverage-4.4.2-cp34-cp34m-manylinux1_i686.whl", hash = "sha256:81912cfe276e0069dca99e1e4e6be7b06b5fc8342641c6b472cb2fed7de7ae18"},
    {file = "coverage-4.4.2-cp34-cp34m-manylinux1_x86_64.whl", hash = "sha256:079248312838c4c8f3494934ab7382a42d42d5f365f0cf7516f938dbb3f53f3f"},
    {file = "coverage-4.4.2-cp34-cp34m-win32.whl", hash = "sha256:b0059630ca5c6b297690a6bf57bf2fdac1395c24b7935fd73ee64190276b743b"},
    {file = "coverage-4.4.2-cp34-cp34m-win_amd64.whl", hash = "sha256:493082f104b5ca920e97a485913de254cbe351900deed72d4264571c73464cd0"},
    {file = "coverage-4.4.2-cp35-cp35m-macosx_10_10_x86_64.whl", hash = "sha256:e3ba9b14607c23623cf38f90b23f5bed4a3be87cbfa96e2e9f4eabb975d1e98b"},
    {file = "coverage-4.4.2-cp35-cp35m-manylinux1_i686.whl", hash = "sha256:82cbd3317320aa63c65555aa4894bf33a13fb3a77f079059eb5935eea415938d"},
    {file = "coverage-4.4.2-cp35-cp35m-manylinux1_x86_64.whl", hash = "sha256:9721f1b7275d3112dc7ccf63f0553c769f09b5c25a26ee45872c7f5c09edf6c1"},
    {file = "coverage-4.4.2-cp35-cp35m-win32.whl", hash = "sha256:bd4800e32b4c8d99c3a2c943f1ac430cbf80658d884123d19639bcde90dad44a"},
    {file = "coverage-4.4.2-cp35-cp35m-win_amd64.whl", hash = "sha256:f29841e865590af72c4b90d7b5b8e93fd560f5dea436c1d5ee8053788f9285de"},
    {file = "coverage-4.4.2-cp36-cp36m-macosx_10_12_x86_64.whl", hash = "sha256:f3a5c6d054c531536a83521c00e5d4004f1e126e2e2556ce399bef4180fbe540"},
    {file = "coverage-4.4.2-cp36-cp36m-manylinux1_i686.whl", hash = "sha256:dd707a21332615108b736ef0b8513d3edaf12d2a7d5fc26cd04a169a8ae9b526"},
    {file = "coverage-4.4.2-cp36-cp36m-manylinux1_x86_64.whl", hash = "sha256:2e1a5c6adebb93c3b175103c2f855eda957283c10cf937d791d81bef8872d6ca"},
    {file = "coverage-4.4.2-cp36-cp36m-win32.whl", hash = "sha256:f87f522bde5540d8a4b11df80058281ac38c44b13ce29ced1e294963dd51a8f8"},
    {file = "coverage-4.4.2-cp36-cp36m-win_amd64.whl", hash = "sha256:a7cfaebd8f24c2b537fa6a271229b051cdac9c1734bb6f939ccfc7c055689baa"},
    {file = "coverage-4.4.2.tar.gz", hash = "sha256:309d91bd7a35063ec7a0e4d75645488bfab3f0b66373e7722f23da7f5b0f34cc"},
    {file = "coverage-4.4.2.win-amd64-py2.7.exe", hash = "sha256:b6cebae1502ce5b87d7c6f532fa90ab345cfbda62b95aeea4e431e164d498a3d"},
    {file = "coverage-4.4.2.win-amd64-py3.4.exe", hash = "sha256:a4497faa4f1c0fc365ba05eaecfb6b5d24e3c8c72e95938f9524e29dadb15e76"},
    {file = "coverage-4.4.2.win-amd64-py3.5.exe", hash = "sha256:2b4d7f03a8a6632598cbc5df15bbca9f778c43db7cf1a838f4fa2c8599a8691a"},
    {file = "coverage-4.4.2.win-amd64-py3.6.exe", hash = "sha256:1afccd7e27cac1b9617be8c769f6d8a6d363699c9b86820f40c74cfb3328921c"},
    {file = "coverage-4.4.2.win32-py2.7.exe", hash = "sha256:0388c12539372bb92d6dde68b4627f0300d948965bbb7fc104924d715fdc0965"},
    {file = "coverage-4.4.2.win32-py3.4.exe", hash = "sha256:ab3508df9a92c1d3362343d235420d08e2662969b83134f8a97dc1451cbe5e84"},
    {file = "coverage-4.4.2.win32-py3.5.exe", hash = "sha256:43a155eb76025c61fc20c3d03b89ca28efa6f5be572ab6110b2fb68eda96bfea"},
    {file = "coverage-4.4.2.win32-py3.6.exe", hash = "sha256:f98b461cb59f117887aa634a66022c0bd394278245ed51189f63a036516e32de"},
]
flask = [
    {file = "Flask-1.0.4-py2.py3-none-any.whl", hash = "sha256:1a21ccca71cee5e55b6a367cc48c6eb47e3c447f76e64d41f3f3f931c17e7c96"},
    {file = "Flask-1.0.4.tar.gz", hash = "sha256:ed1330220a321138de53ec7c534c3d90cf2f7af938c7880fc3da13aa46bf870f"},
]
funcsigs = [
    {file = "funcsigs-1.0.2-py2.py3-none-any.whl", hash = "sha256:330cc27ccbf7f1e992e69fef78261dc7c6569012cf397db8d3de0234e6c937ca"},
    {file = "funcsigs-1.0.2.tar.gz", hash = "sha256:a7bb0f2cf3a3fd1ab2732cb49eba4252c2af4240442415b4abce3b87022a8f50"},
]
itsdangerous = [
    {file = "itsdangerous-1.1.0-py2.py3-none-any.whl", hash = "sha256:b12271b2047cb23eeb98c8b5622e2e5c5e9abd9784a153e9d8ef9cb4dd09d749"},
    {file = "itsdangerous-1.1.0.tar.gz", hash = "sha256:321b033d07f2a4136d3ec762eac9f16a10ccd60f53c0c91af90217ace7ba1f19"},
]
jinja2 = [
    {file = "Jinja2-2.10.3-py2.py3-none-any.whl", hash = "sha256:74320bb91f31270f9551d46522e33af46a80c3d619f4a4bf42b3164d30b5911f"},
    {file = "Jinja2-2.10.3.tar.gz", hash = "sha256:9fe95f19286cfefaa917656583d020be14e7859c6b0252588391e47db34527de"},
]
markupsafe = [
    {file = "MarkupSafe-1.1.1-cp27-cp27m-macosx_10_6_intel.whl", hash = "sha256:09027a7803a62ca78792ad89403b1b7a73a01c8cb65909cd876f7fcebd79b161"},
    {file = "MarkupSafe-1.1.1-cp27-cp27m-manylinux1_i686.whl", hash = "sha256:e249096428b3ae81b08327a63a485ad0878de3fb939049038579ac0ef61e17e7"},
    {file = "MarkupSafe-1.1.1-cp27-cp27m-manylinux1_x86_64.whl", hash = "sha256:500d4957e52ddc3351cabf489e79c91c17f6e0899158447047588650b5e69183"},
    {file = "MarkupSafe-1.1.1-cp27-cp27m-win32.whl", hash = "sha256:b2051432115498d3562c084a49bba65d97cf251f5a331c64a12ee7e04dacc51b"},
    {file = "MarkupSafe-1.1.1-cp27-cp27m-win_amd64.whl", hash = "sha256:98c7086708b163d425c67c7a91bad6e466bb99d797aa64f965e9d25c12111a5e"},
    {file = "MarkupSafe-1.1.1-cp27-cp27mu-manylinux1_i686.whl", hash = "sha256:cd5df75523866410809ca100dc9681e301e3c27567cf498077e8551b6d20e42f"},
    {file = "MarkupSafe-1.1.1-cp27-cp27mu-manylinux1_x86_64.whl", hash = "sha256:43a55c2930bbc139570ac2452adf3d70cdbb3cfe5912c71cdce1c2c6bbd9c5d1"},
    {file = "MarkupSafe-1.1.1-cp34-cp34m-macosx_10_6_intel.whl", hash = "sha256:1027c282dad077d0bae18be6794e6b6b8c91d58ed8a8d89a89d59693b9131db5"},
    {file = "MarkupSafe-1.1.1-cp34-cp34m-manylinux1_i686.whl", hash = "sha256:62fe6c95e3ec8a7fad637b7f3d372c15ec1caa01ab47926cfdf7a75b40e0eac1"},
    {file = "MarkupSafe-1.1.1-cp34-cp34m-manylinux1_x86_64.whl", hash = "sha256:88e5fcfb52ee7b911e8bb6d6aa2fd21fbecc674eadd44118a9cc3863f938e735"},
    {file = "MarkupSafe-1.1.1-cp34-cp34m-win32.whl", hash = "sha256:ade5e387d2ad0d7ebf59146cc00c8044acbd863725f887353a10df825fc8ae21"},
    {file = "MarkupSafe-1.1.1-cp34-cp34m-win_amd64.whl", hash = "sha256:09c4b7f37d6c648cb13f9230d847adf22f8171b1ccc4d5682398e77f40309235"},
    {file = "MarkupSafe-1.1.1-cp35-cp35m-macosx_10_6_intel.whl", hash = "sha256:79855e1c5b8da654cf486b830bd42c06e8780cea587384cf6545b7d9ac013a0b"},
    {file = "MarkupSafe-1.1.1-cp35-cp35m-manylinux1_i686.whl", hash = "sha256:c8716a48d94b06bb3b2524c2b77e055fb313aeb4ea620c8dd03a105574ba704f"},
    {file = "MarkupSafe-1.1.1-cp35-cp35m-manylinux1_x86_64.whl", hash = "sha256:7c1699dfe0cf8ff607dbdcc1e9b9af1755371f92a68f706051cc8c37d447c905"},
    {file = "MarkupSafe-1.1.1-cp35-cp35m-win32.whl", hash = "sha256:6dd73240d2af64df90aa7c4e7481e23825ea70af4b4922f8ede5b9e35f78a3b1"},
    {file = "MarkupSafe-1.1.1-cp35-cp35m-win_amd64.whl", hash = "sha256:9add70b36c5666a2ed02b43b335fe19002ee5235efd4b8a89bfcf9005bebac0d"},
    {file = "MarkupSafe-1.1.1-cp36-cp36m-macosx_10_6_intel.whl", hash = "sha256:24982cc2533820871eba85ba648cd53d8623687ff11cbb805be4ff7b4c971aff"},
    {file = "MarkupSafe-1.1.1-cp36-cp36m-manylinux1_i686.whl", hash = "sha256:00bc623926325b26bb9605ae9eae8a215691f33cae5df11ca5424f06f2d1f473"},
    {file = "MarkupSafe-1.1.1-cp36-cp36m-manylinux1_x86_64.whl", hash = "sha256:717ba8fe3ae9cc0006d7c451f0bb265ee07739daf76355d06366154ee68d221e"},
    {file = "MarkupSafe-1.1.1-cp36-cp36m-win32.whl", hash = "sha256:535f6fc4d397c1563d08b88e485c3496cf5784e927af890fb3c3aac7f933ec66"},
    {file = "MarkupSafe-1.1.1-cp36-cp36m-win_amd64.whl", hash = "sha256:b1282f8c00509d99fef04d8ba936b156d419be841854fe901d8ae224c59f0be5"},
    {file = "MarkupSafe-1.1.1-cp37-cp37m-macosx_10_6_intel.whl", hash = "sha256:8defac2f2ccd6805ebf65f5eeb132adcf2ab57aa11fdf4c0dd5169a004710e7d"},
    {file = "MarkupSafe-1.1.1-cp37-cp37m-manylinux1_i686.whl", hash = "sha256:46c99d2de99945ec5cb54f23c8cd5689f6d7177305ebff350a58ce5f8de1669e"},
    {file = "MarkupSafe-1.1.1-cp37-cp37m-manylinux1_x86_64.whl", hash = "sha256:ba59edeaa2fc6114428f1637ffff42da1e311e29382d81b339c1817d37ec93c6"},
    {file = "MarkupSafe-1.1.1-cp37-cp37m-win32.whl", hash = "sha256:b00c1de48212e4cc9603895652c5c410df699856a2853135b3967591e4beebc2"},
    {file = "MarkupSafe-1.1.1-cp37-cp37m-win_amd64.whl", hash = "sha256:9bf40443012702a1d2070043cb6291650a0841ece432556f784f004937f0f32c"},
    {file = "MarkupSafe-1.1.1-cp38-cp38-macosx_10_9_x86_64.whl", hash = "sha256:6788b695d50a51edb699cb55e35487e430fa21f1ed838122d722e0ff0ac5ba15"},
    {file = "MarkupSafe-1.1.1-cp38-cp38-manylinux1_i686.whl", hash = "sha256:cdb132fc825c38e1aeec2c8aa9338310d29d337bebbd7baa06889d09a60a1fa2"},
    {file = "MarkupSafe-1.1.1-cp38-cp38-manylinux1_x86_64.whl", hash = "sha256:13d3144e1e340870b25e7b10b98d779608c02016d5184cfb9927a9f10c689f42"},
    {file = "MarkupSafe-1.1.1-cp38-cp38-win32.whl", hash = "sha256:596510de112c685489095da617b5bcbbac7dd6384aeebeda4df6025d0256a81b"},
    {file = "MarkupSafe-1.1.1-cp38-cp38-win_amd64.whl", hash = "sha256:e8313f01ba26fbbe36c7be1966a7b7424942f670f38e666995b88d012765b9be"},
    {file = "MarkupSafe-1.1.1.tar.gz", hash = "sha256:29872e92839765e546828bb7754a68c418d927cd064fd4708fab9fe9c8bb116b"},
]
miracle-acl = [
    {file = "miracle-acl-0.0.4-1.tar.gz", hash = "sha256:b78240a40153334d1b3e2ea0cb06f34e067a146d8eacc68c9c243e84cb3175ea"},
    {file = "miracle_acl-0.0.4.post1-py2.py3-none-any.whl", hash = "sha256:a4932d5039b539fde82053a824e18b9ba0d8fcc2c1d95dfdf2bbeaf8d553f8f1"},
    {file = "miracle_acl-0.0.4_1-py2-none-any.whl", hash = "sha256:4149fd87213f43835b4b799350cc8dec4fe9bee21146fa42ab651a74f1af09d1"},
]
mock = [
    {file = "mock-2.0.0-py2.py3-none-any.whl", hash = "sha256:5ce3c71c5545b472da17b72268978914d0252980348636840bd34a00b5cc96c1"},
    {file = "mock-2.0.0.tar.gz", hash = "sha256:b158b6df76edd239b8208d481dc46b6afd45a846b7812ff0ce58971cf5bc8bba"},
]
nose2 = [
    {file = "nose2-0.9.2-py2.py3-none-any.whl", hash = "sha256:fd4b84c65ecea869080a23bdb8916716f5363df3b899933991c861ada8aa3f48"},
    {file = "nose2-0.9.2.tar.gz", hash = "sha256:8762f77925bbafcdf38331e0e2ee718756fb75ff74b1f9097cd08731ad59ab5e"},
]
pbr = [
    {file = "pbr-5.4.5-py2.py3-none-any.whl", hash = "sha256:579170e23f8e0c2f24b0de612f71f648eccb79fb1322c814ae6b3c07b5ba23e8"},
    {file = "pbr-5.4.5.tar.gz", hash = "sha256:07f558fece33b05caf857474a366dfcc00562bca13dd8b47b2b3e22d9f9bf55c"},
]
six = [
    {file = "six-1.14.0-py2.py3-none-any.whl", hash = "sha256:8f3cd2e254d8f793e7f3d6d9df77b92252b52637291d0f0da013c76ea2724b6c"},
    {file = "six-1.14.0.tar.gz", hash = "sha256:236bdbdce46e6e6a3d61a337c0f8b763ca1e8717c03b369e87a7ec7ce1319c0a"},
]
werkzeug = [
    {file = "Werkzeug-0.16.1-py2.py3-none-any.whl", hash = "sha256:1e0dedc2acb1f46827daa2e399c1485c8fa17c0d8e70b6b875b4e7f54bf408d2"},
    {file = "Werkzeug-0.16.1.tar.gz", hash = "sha256:b353856d37dec59d6511359f97f6a4b2468442e454bd1c98298ddce53cac1f04"},
]
